
Microsoft Visual Studio Solution File, Format Version 12.00
# Visual Studio 15
Project("{FAE04EC0-301F-11D3-BF4B-00C04F79EFBC}") = "Assembly-CSharp", "Assembly-CSharp.csproj", "{3C34342C-A423-BC9B-769E-4BF4A8C7C8F3}"
EndProject
Project("{FAE04EC0-301F-11D3-BF4B-00C04F79EFBC}") = "Assembly-CSharp-Editor", "Assembly-CSharp-Editor.csproj", "{4E0D9FE2-0839-7A66-2FE1-7D50E7AE87B0}"
EndProject
Global
	GlobalSection(SolutionConfigurationPlatforms) = preSolution
		Debug|Any CPU = Debug|Any CPU
		Release|Any CPU = Release|Any CPU
	EndGlobalSection
	GlobalSection(ProjectConfigurationPlatforms) = postSolution
		{3C34342C-A423-BC9B-769E-4BF4A8C7C8F3}.Debug|Any CPU.ActiveCfg = Debug|Any CPU
		{3C34342C-A423-BC9B-769E-4BF4A8C7C8F3}.Debug|Any CPU.Build.0 = Debug|Any CPU
		{3C34342C-A423-BC9B-769E-4BF4A8C7C8F3}.Release|Any CPU.ActiveCfg = Release|Any CPU
		{3C34342C-A423-BC9B-769E-4BF4A8C7C8F3}.Release|Any CPU.Build.0 = Release|Any CPU
		{4E0D9FE2-0839-7A66-2FE1-7D50E7AE87B0}.Debug|Any CPU.ActiveCfg = Debug|Any CPU
		{4E0D9FE2-0839-7A66-2FE1-7D50E7AE87B0}.Debug|Any CPU.Build.0 = Debug|Any CPU
		{4E0D9FE2-0839-7A66-2FE1-7D50E7AE87B0}.Release|Any CPU.ActiveCfg = Release|Any CPU
		{4E0D9FE2-0839-7A66-2FE1-7D50E7AE87B0}.Release|Any CPU.Build.0 = Release|Any CPU
	EndGlobalSection
	GlobalSection(SolutionProperties) = preSolution
		HideSolutionNode = FALSE
	EndGlobalSection
EndGlobal
